
Microsoft Visual Studio Solution File, Format Version 12.00
# Visual Studio Version 17
VisualStudioVersion = 17.9.34616.47
MinimumVisualStudioVersion = 10.0.40219.1
Project("{FAE04EC0-301F-11D3-BF4B-00C04F79EFBC}") = "APICallSystem", "APICallSystem\APICallSystem.csproj", "{C634BC38-D480-4F7D-BBFE-A3A066C74035}"
EndProject
Global
	GlobalSection(SolutionConfigurationPlatforms) = preSolution
		Debug|Any CPU = Debug|Any CPU
		Release|Any CPU = Release|Any CPU
	EndGlobalSection
	GlobalSection(ProjectConfigurationPlatforms) = postSolution
		{C634BC38-D480-4F7D-BBFE-A3A066C74035}.Debug|Any CPU.ActiveCfg = Debug|Any CPU
		{C634BC38-D480-4F7D-BBFE-A3A066C74035}.Debug|Any CPU.Build.0 = Debug|Any CPU
		{C634BC38-D480-4F7D-BBFE-A3A066C74035}.Release|Any CPU.ActiveCfg = Release|Any CPU
		{C634BC38-D480-4F7D-BBFE-A3A066C74035}.Release|Any CPU.Build.0 = Release|Any CPU
	EndGlobalSection
	GlobalSection(SolutionProperties) = preSolution
		HideSolutionNode = FALSE
	EndGlobalSection
	GlobalSection(ExtensibilityGlobals) = postSolution
		SolutionGuid = {97ECD786-A41A-4A07-8B32-2635AE293C62}
	EndGlobalSection
EndGlobal
